
Microsoft Visual Studio Solution File, Format Version 12.00
# Visual Studio 16
Project("{FAE04EC0-301F-11D3-BF4B-00C04F79EFBC}") = "Assembly-CSharp", "Assembly-CSharp.csproj", "{7A9FB180-473D-73C3-4F5E-DEE6B2A140F3}"
EndProject
Project("{FAE04EC0-301F-11D3-BF4B-00C04F79EFBC}") = "Assembly-CSharp-Editor", "Assembly-CSharp-Editor.csproj", "{F7FB4091-39BE-BB21-F990-F1DC9C1CDFF1}"
EndProject
Project("{FAE04EC0-301F-11D3-BF4B-00C04F79EFBC}") = "Assembly-CSharp-Editor-firstpass", "Assembly-CSharp-Editor-firstpass.csproj", "{B8C827AC-F7FC-3E51-0C4E-324115B319B9}"
EndProject
Global
	GlobalSection(SolutionConfigurationPlatforms) = preSolution
		Debug|Any CPU = Debug|Any CPU
		Release|Any CPU = Release|Any CPU
	EndGlobalSection
	GlobalSection(ProjectConfigurationPlatforms) = postSolution
		{7A9FB180-473D-73C3-4F5E-DEE6B2A140F3}.Debug|Any CPU.ActiveCfg = Debug|Any CPU
		{7A9FB180-473D-73C3-4F5E-DEE6B2A140F3}.Debug|Any CPU.Build.0 = Debug|Any CPU
		{7A9FB180-473D-73C3-4F5E-DEE6B2A140F3}.Release|Any CPU.ActiveCfg = Release|Any CPU
		{7A9FB180-473D-73C3-4F5E-DEE6B2A140F3}.Release|Any CPU.Build.0 = Release|Any CPU
		{F7FB4091-39BE-BB21-F990-F1DC9C1CDFF1}.Debug|Any CPU.ActiveCfg = Debug|Any CPU
		{F7FB4091-39BE-BB21-F990-F1DC9C1CDFF1}.Debug|Any CPU.Build.0 = Debug|Any CPU
		{F7FB4091-39BE-BB21-F990-F1DC9C1CDFF1}.Release|Any CPU.ActiveCfg = Release|Any CPU
		{F7FB4091-39BE-BB21-F990-F1DC9C1CDFF1}.Release|Any CPU.Build.0 = Release|Any CPU
		{B8C827AC-F7FC-3E51-0C4E-324115B319B9}.Debug|Any CPU.ActiveCfg = Debug|Any CPU
		{B8C827AC-F7FC-3E51-0C4E-324115B319B9}.Debug|Any CPU.Build.0 = Debug|Any CPU
		{B8C827AC-F7FC-3E51-0C4E-324115B319B9}.Release|Any CPU.ActiveCfg = Release|Any CPU
		{B8C827AC-F7FC-3E51-0C4E-324115B319B9}.Release|Any CPU.Build.0 = Release|Any CPU
	EndGlobalSection
	GlobalSection(SolutionProperties) = preSolution
		HideSolutionNode = FALSE
	EndGlobalSection
	GlobalSection(MonoDevelopProperties) = preSolution
		StartupItem = Assembly-CSharp.csproj
	EndGlobalSection
EndGlobal
